# lib-agents manifest lockfile
# Auto-generated by install.sh — do not edit manually
source_commit=b921984157c36f48f9f15fc841f07f3b02e87186
source_url=https://github.com/kunallimaye/lib-agents.git
installed_at=2026-03-13T06:36:35Z
installed_agents=git-ops,docs,devops,ideate,pilot
profile=default
mode=copy

[agent] /usr/local/google/home/kunall/scratchpad/gcp/dcentral-labs/ai-tools/vertx-ai-studio/.opencode/agents/devops.md sha256=28eb4c4c480d899eccc8e1c26ffc5e585ee9427dd49ea4206d64e920700fbef9
[agent] /usr/local/google/home/kunall/scratchpad/gcp/dcentral-labs/ai-tools/vertx-ai-studio/.opencode/agents/docs.md sha256=a70619f25f844a2f1cdbb2625e59ab219450eb2d435674d5be508c119858beeb
[agent] /usr/local/google/home/kunall/scratchpad/gcp/dcentral-labs/ai-tools/vertx-ai-studio/.opencode/agents/docs.md sha256=a70619f25f844a2f1cdbb2625e59ab219450eb2d435674d5be508c119858beeb
[agent] /usr/local/google/home/kunall/scratchpad/gcp/dcentral-labs/ai-tools/vertx-ai-studio/.opencode/agents/git-ops.md sha256=770f1e97c1578eaa5d1b9962722296048e4fa0308d915fa2fabc01c1fa043353
[agent] /usr/local/google/home/kunall/scratchpad/gcp/dcentral-labs/ai-tools/vertx-ai-studio/.opencode/agents/ideate.md sha256=9d2e53888ecf9b0f452063c9012dfa790ff237160906046a8dbd808de50e533e
[agent] /usr/local/google/home/kunall/scratchpad/gcp/dcentral-labs/ai-tools/vertx-ai-studio/.opencode/agents/pilot.md sha256=213364054f0296928ef1ad97c912b142799fbe1ade1341e04c11afb06d872109
[shared] /usr/local/google/home/kunall/scratchpad/gcp/dcentral-labs/ai-tools/vertx-ai-studio/.opencode/commands/cleanup.md sha256=f9ce3c6c7efcf169521e74f0a05ebb08c602179d3bb82c486b90bdd5319c4bd3
[shared] /usr/local/google/home/kunall/scratchpad/gcp/dcentral-labs/ai-tools/vertx-ai-studio/.opencode/commands/commit.md sha256=913c5218e65dc2af85380530e7418e4319c54e67146e55a752e5f9622d8aa99c
[shared] /usr/local/google/home/kunall/scratchpad/gcp/dcentral-labs/ai-tools/vertx-ai-studio/.opencode/commands/deploy.md sha256=1450f727b8f2d7014303eb7ecea390c8a01cf79a3b3920f004ea4fa91abdefc1
[shared] /usr/local/google/home/kunall/scratchpad/gcp/dcentral-labs/ai-tools/vertx-ai-studio/.opencode/commands/devops.md sha256=d0371083e7b9a4b36fd47acd4943a5e824290b9284f311c5363c9cf63d7c2515
[shared] /usr/local/google/home/kunall/scratchpad/gcp/dcentral-labs/ai-tools/vertx-ai-studio/.opencode/commands/docs.md sha256=38ad98ce200c330739720fb0394ee104a473ddedd6949d19c66b107ab92c4b84
[shared] /usr/local/google/home/kunall/scratchpad/gcp/dcentral-labs/ai-tools/vertx-ai-studio/.opencode/commands/git-local-sync.md sha256=91d345b9d08826db1d4a5bccfdc3dceb57231f55fdeba614a5e9b1b663dd9f02
[shared] /usr/local/google/home/kunall/scratchpad/gcp/dcentral-labs/ai-tools/vertx-ai-studio/.opencode/commands/git-ops-init.md sha256=87c486d2e16adb614cca606e3146ecf3618beb0de5e4f2153866a11c4635a6d9
[shared] /usr/local/google/home/kunall/scratchpad/gcp/dcentral-labs/ai-tools/vertx-ai-studio/.opencode/commands/git-status.md sha256=37708b3d62397dfa9cadff155ffc53b9dfb4edaa8a2a41a1f8e207b76e83011b
[shared] /usr/local/google/home/kunall/scratchpad/gcp/dcentral-labs/ai-tools/vertx-ai-studio/.opencode/commands/ideate.md sha256=0e9005a4948f0db643b9e8c016aa37b51e215a4a15f1d13240801daf0f8a8aee
[shared] /usr/local/google/home/kunall/scratchpad/gcp/dcentral-labs/ai-tools/vertx-ai-studio/.opencode/commands/implement.md sha256=557613a13c9d35a7823967ee6ff81a914ed65889b0521f073d1bed2812b4823f
[shared] /usr/local/google/home/kunall/scratchpad/gcp/dcentral-labs/ai-tools/vertx-ai-studio/.opencode/commands/infra.md sha256=f1da069d813e0c2c11e28dce315dffd9383af870aaf23be2f30da6c4d17e1c1b
[shared] /usr/local/google/home/kunall/scratchpad/gcp/dcentral-labs/ai-tools/vertx-ai-studio/.opencode/commands/issue.md sha256=9a85a3b5ffe4d9785f288e72d2e126be1f0f474c6c4b9d732376d332ede17609
[shared] /usr/local/google/home/kunall/scratchpad/gcp/dcentral-labs/ai-tools/vertx-ai-studio/.opencode/commands/pilot-clean.md sha256=2dc4f445da9abaef0cff76c82c3830cabb0db23f7b3d846363bc596e2f166699
[shared] /usr/local/google/home/kunall/scratchpad/gcp/dcentral-labs/ai-tools/vertx-ai-studio/.opencode/commands/pilot-try.md sha256=6e34a662f3cd89fc655cda6b8a103dcd23a8785e8ab32c4453071b8d2b0c50f0
[shared] /usr/local/google/home/kunall/scratchpad/gcp/dcentral-labs/ai-tools/vertx-ai-studio/.opencode/commands/pr.md sha256=923b283087c1fd907594f3442a2c515bf8ee6f94a8200fef6d4f8671e9572795
[shared] /usr/local/google/home/kunall/scratchpad/gcp/dcentral-labs/ai-tools/vertx-ai-studio/.opencode/commands/release.md sha256=764e17d4815bef78fa238701fe3a90d99437c24b28394075ea83f2efd127b1b6
[shared] /usr/local/google/home/kunall/scratchpad/gcp/dcentral-labs/ai-tools/vertx-ai-studio/.opencode/commands/review.md sha256=803c1351a278e325300e5e34b20b7cefc01d9139ec6da0ea7a36c955ca7eb835
[shared] /usr/local/google/home/kunall/scratchpad/gcp/dcentral-labs/ai-tools/vertx-ai-studio/.opencode/commands/scaffold.md sha256=7485b47926002b018e70aa3e7e06dccec751c6614a30723057d51fc485ac3b89
[shared] /usr/local/google/home/kunall/scratchpad/gcp/dcentral-labs/ai-tools/vertx-ai-studio/.opencode/commands/scribe.md sha256=885fdd1590ad48b31acaa62f53b611335b4d12f9177a06d4423fc6d457d22851
[shared] /usr/local/google/home/kunall/scratchpad/gcp/dcentral-labs/ai-tools/vertx-ai-studio/.opencode/commands/troubleshoot.md sha256=e6bb264cf3bda093ccf39f45e0e6ddc7621217ea08d0a251453368f4f4cc1c3c
[shared] /usr/local/google/home/kunall/scratchpad/gcp/dcentral-labs/ai-tools/vertx-ai-studio/.opencode/prompts/build.md sha256=c2cc0ca8f46a022894f13fae0e1cdb04377abb1e00c66dd436775d2b47088e6a
[shared] /usr/local/google/home/kunall/scratchpad/gcp/dcentral-labs/ai-tools/vertx-ai-studio/.opencode/prompts/plan.md sha256=a20e49a41e6fa5f928549d5c2f228c8287e1bd6db0293c17319c99b8f7935c0b
[shared] /usr/local/google/home/kunall/scratchpad/gcp/dcentral-labs/ai-tools/vertx-ai-studio/.opencode/skills/cloudbuild-ops/SKILL.md sha256=219c7fcfeb0c444c5bc4dc7304a24bffcfa7f9bdf7a0141cf2272e8ad1f067b9
[shared] /usr/local/google/home/kunall/scratchpad/gcp/dcentral-labs/ai-tools/vertx-ai-studio/.opencode/skills/container-ops/SKILL.md sha256=4f87026ed12ad9b4632fb96e668a4bd1c06863e8c4cbc5d4698cf6cb2e828443
[shared] /usr/local/google/home/kunall/scratchpad/gcp/dcentral-labs/ai-tools/vertx-ai-studio/.opencode/skills/devops-workflow/SKILL.md sha256=f3c393ac3d4eb51941862e78c72e9a8e49a85bddfbce36bc888a898442c69193
[shared] /usr/local/google/home/kunall/scratchpad/gcp/dcentral-labs/ai-tools/vertx-ai-studio/.opencode/skills/gcloud-ops/SKILL.md sha256=9c702836836d386f25ff57e3def23e14a4f37355a93a3f99141891ee6e850198
[shared] /usr/local/google/home/kunall/scratchpad/gcp/dcentral-labs/ai-tools/vertx-ai-studio/.opencode/skills/git-pr-workflow/SKILL.md sha256=83f318a1ee3284b43949108fc8abc71de6a01011ad57b9f703990f533e8efa3a
[shared] /usr/local/google/home/kunall/scratchpad/gcp/dcentral-labs/ai-tools/vertx-ai-studio/.opencode/skills/git-release/SKILL.md sha256=4af58705f12b4d5548a11ca00e7123da7a2d40180652543989f8de764e3e9018
[shared] /usr/local/google/home/kunall/scratchpad/gcp/dcentral-labs/ai-tools/vertx-ai-studio/.opencode/skills/makefile-ops/SKILL.md sha256=bdf66b9834e541f420cefd613a354924216a9772777313aa2e8fb998b7da5997
[shared] /usr/local/google/home/kunall/scratchpad/gcp/dcentral-labs/ai-tools/vertx-ai-studio/.opencode/skills/readme-conventions/SKILL.md sha256=aa02277dc991aa88711d457206a2784dbdf51c91607549ed87fbd71f8cb367b0
[shared] /usr/local/google/home/kunall/scratchpad/gcp/dcentral-labs/ai-tools/vertx-ai-studio/.opencode/tools/agent-workspace.ts sha256=e3df56347236bd53c939cd974eda7e0113bfeaba2c629358a804986911734509
[shared] /usr/local/google/home/kunall/scratchpad/gcp/dcentral-labs/ai-tools/vertx-ai-studio/.opencode/tools/branch-cleanup.ts sha256=292c4d4eca7557abb782343b4dbed12b46e0709c7f91177fec6e4d9a8dac8ea9
[shared] /usr/local/google/home/kunall/scratchpad/gcp/dcentral-labs/ai-tools/vertx-ai-studio/.opencode/tools/cloudbuild.ts sha256=2b9d49dd1757fd83128ca08ac767c84942c708cc49fe29e12a3302d910d9e757
[shared] /usr/local/google/home/kunall/scratchpad/gcp/dcentral-labs/ai-tools/vertx-ai-studio/.opencode/tools/devops-preflight.ts sha256=0c6b017dd91323a9a72ffe6388cef2e8f9ab52fb16f539795328ffd8b5d1287e
[shared] /usr/local/google/home/kunall/scratchpad/gcp/dcentral-labs/ai-tools/vertx-ai-studio/.opencode/tools/gcloud.ts sha256=75a94e4408f8a9a231812d9d45706cabc4a726ba93da98c1212a1d0e5277ad77
[shared] /usr/local/google/home/kunall/scratchpad/gcp/dcentral-labs/ai-tools/vertx-ai-studio/.opencode/tools/gh-issue.ts sha256=00c41c17afb290cbb0a5e4dac60baf64a1c376784feda6bcd0256974eb4b2596
[shared] /usr/local/google/home/kunall/scratchpad/gcp/dcentral-labs/ai-tools/vertx-ai-studio/.opencode/tools/gh-pr.ts sha256=47579d39c04d554b6f2993f7156375cd980bc2ed93f2549119734fe001779931
[shared] /usr/local/google/home/kunall/scratchpad/gcp/dcentral-labs/ai-tools/vertx-ai-studio/.opencode/tools/gh-release.ts sha256=213be328ad802e3b9d492bbadf09990ccab0975a00ae7d99d94e2d3fd253b882
[shared] /usr/local/google/home/kunall/scratchpad/gcp/dcentral-labs/ai-tools/vertx-ai-studio/.opencode/tools/gh-review.ts sha256=8412bfd8ba12576ec07bdc4853f083e8bf21cfd2b9e49232bb4b03baaaecd179
[shared] /usr/local/google/home/kunall/scratchpad/gcp/dcentral-labs/ai-tools/vertx-ai-studio/.opencode/tools/git-branch.ts sha256=1d326dd89600be6bbf4b42d0020473c5b37bf850a11bdcc2e86952035f03496b
[shared] /usr/local/google/home/kunall/scratchpad/gcp/dcentral-labs/ai-tools/vertx-ai-studio/.opencode/tools/git-commit.ts sha256=b7a7c8e45f8c68eb97f7f424645fb6f96413568aaeb9992e8cb5f4c315e96d4d
[shared] /usr/local/google/home/kunall/scratchpad/gcp/dcentral-labs/ai-tools/vertx-ai-studio/.opencode/tools/git-conflict.ts sha256=c841e4c25283cd8391a1fdc7f46840bc00f6586a03c252d07605a0bc3d3dbe72
[shared] /usr/local/google/home/kunall/scratchpad/gcp/dcentral-labs/ai-tools/vertx-ai-studio/.opencode/tools/git-ops-init.ts sha256=c185aeaab442419120f26fc8e89df71d967496a396a5c229ee3665e3d348706a
[shared] /usr/local/google/home/kunall/scratchpad/gcp/dcentral-labs/ai-tools/vertx-ai-studio/.opencode/tools/git-status.ts sha256=16c2cd961f7bd039a578a1c88cf1f83282790a1c09832f970e01c6c12fa902a9
[shared] /usr/local/google/home/kunall/scratchpad/gcp/dcentral-labs/ai-tools/vertx-ai-studio/.opencode/tools/pilot-run.ts sha256=f292091c0d49537d470cfabcb5a053c57711f69b13d2c7ef8b6be497032887bd
[shared] /usr/local/google/home/kunall/scratchpad/gcp/dcentral-labs/ai-tools/vertx-ai-studio/.opencode/tools/pilot-workspace.ts sha256=d2d673e34d5265640b1e72cd9cda5db39e8b9199209c8712101f389d2faf20e0
[shared] /usr/local/google/home/kunall/scratchpad/gcp/dcentral-labs/ai-tools/vertx-ai-studio/.opencode/tools/podman.ts sha256=9d8016a271f9200af541fe78372e2a082c60e00bc1257be5e514e0cefa0516e6
[shared] /usr/local/google/home/kunall/scratchpad/gcp/dcentral-labs/ai-tools/vertx-ai-studio/.opencode/tools/readme-analyze.ts sha256=bf38726bd4de6f598fa206cdfb22e3cba36116a957b64302d7ec28a5fa1da41f
[shared] /usr/local/google/home/kunall/scratchpad/gcp/dcentral-labs/ai-tools/vertx-ai-studio/.opencode/tools/readme-scaffold.ts sha256=c0473852ff9d044dc49aece92eda8f7e660a62417453a248f2bced7dbfdea33f
[shared] /usr/local/google/home/kunall/scratchpad/gcp/dcentral-labs/ai-tools/vertx-ai-studio/.opencode/tools/readme-validate.ts sha256=1a210febac20731795a971276d8945b04e6bf1bd8eeff1230bf8a115d6b8d72c
[shared] /usr/local/google/home/kunall/scratchpad/gcp/dcentral-labs/ai-tools/vertx-ai-studio/.opencode/tools/scaffold.ts sha256=49506f1da2502a8423ebe316fcb158a7bb9ed224c9d4d7ae14e7f344bd5f558d
[shared] /usr/local/google/home/kunall/scratchpad/gcp/dcentral-labs/ai-tools/vertx-ai-studio/.opencode/tools/terraform.ts sha256=155805ceb4f052db44c69005cc39bb26cff4a4c0bafb0e82a3bb8472825828c8
[shared] /usr/local/google/home/kunall/scratchpad/gcp/dcentral-labs/ai-tools/vertx-ai-studio/.opencode/tools/troubleshoot.ts sha256=b17a12523998ee1aa89fa4a8dfe49bf3a630f49005c3201ece1f55681059965d
[user] /usr/local/google/home/kunall/scratchpad/gcp/dcentral-labs/ai-tools/vertx-ai-studio/AGENTS.md sha256=dc6168dff7fbff7e9f457095eb82de664ecde04f6d5d0aeff3aba715d55493a5
[user] /usr/local/google/home/kunall/scratchpad/gcp/dcentral-labs/ai-tools/vertx-ai-studio/AGENTS.md sha256=dc6168dff7fbff7e9f457095eb82de664ecde04f6d5d0aeff3aba715d55493a5
[user] /usr/local/google/home/kunall/scratchpad/gcp/dcentral-labs/ai-tools/vertx-ai-studio/AGENTS.md sha256=dc6168dff7fbff7e9f457095eb82de664ecde04f6d5d0aeff3aba715d55493a5
[user] /usr/local/google/home/kunall/scratchpad/gcp/dcentral-labs/ai-tools/vertx-ai-studio/AGENTS.md sha256=dc6168dff7fbff7e9f457095eb82de664ecde04f6d5d0aeff3aba715d55493a5
[user] /usr/local/google/home/kunall/scratchpad/gcp/dcentral-labs/ai-tools/vertx-ai-studio/AGENTS.md sha256=dc6168dff7fbff7e9f457095eb82de664ecde04f6d5d0aeff3aba715d55493a5
[user] /usr/local/google/home/kunall/scratchpad/gcp/dcentral-labs/ai-tools/vertx-ai-studio/AGENTS.md sha256=dc6168dff7fbff7e9f457095eb82de664ecde04f6d5d0aeff3aba715d55493a5
[user] /usr/local/google/home/kunall/scratchpad/gcp/dcentral-labs/ai-tools/vertx-ai-studio/opencode.json sha256=133b49a843878f8d0fb87f329ec27a28fb1bf981d24f207daca6447156ee8287
[user] /usr/local/google/home/kunall/scratchpad/gcp/dcentral-labs/ai-tools/vertx-ai-studio/opencode.json sha256=133b49a843878f8d0fb87f329ec27a28fb1bf981d24f207daca6447156ee8287
[user] /usr/local/google/home/kunall/scratchpad/gcp/dcentral-labs/ai-tools/vertx-ai-studio/opencode.json sha256=133b49a843878f8d0fb87f329ec27a28fb1bf981d24f207daca6447156ee8287
[user] /usr/local/google/home/kunall/scratchpad/gcp/dcentral-labs/ai-tools/vertx-ai-studio/opencode.json sha256=133b49a843878f8d0fb87f329ec27a28fb1bf981d24f207daca6447156ee8287
[user] /usr/local/google/home/kunall/scratchpad/gcp/dcentral-labs/ai-tools/vertx-ai-studio/opencode.json sha256=133b49a843878f8d0fb87f329ec27a28fb1bf981d24f207daca6447156ee8287
[user] /usr/local/google/home/kunall/scratchpad/gcp/dcentral-labs/ai-tools/vertx-ai-studio/opencode.json sha256=133b49a843878f8d0fb87f329ec27a28fb1bf981d24f207daca6447156ee8287
[user] /usr/local/google/home/kunall/scratchpad/gcp/dcentral-labs/ai-tools/vertx-ai-studio/.opencode/package.json sha256=c624a9de6bd6f8dc7780d6b283d15510ec87853b6d4e6e1d31b71f268bb506b6
[user] /usr/local/google/home/kunall/scratchpad/gcp/dcentral-labs/ai-tools/vertx-ai-studio/.opencode/package.json sha256=c624a9de6bd6f8dc7780d6b283d15510ec87853b6d4e6e1d31b71f268bb506b6
[user] /usr/local/google/home/kunall/scratchpad/gcp/dcentral-labs/ai-tools/vertx-ai-studio/.opencode/package.json sha256=c624a9de6bd6f8dc7780d6b283d15510ec87853b6d4e6e1d31b71f268bb506b6
[user] /usr/local/google/home/kunall/scratchpad/gcp/dcentral-labs/ai-tools/vertx-ai-studio/.opencode/package.json sha256=c624a9de6bd6f8dc7780d6b283d15510ec87853b6d4e6e1d31b71f268bb506b6
[user] /usr/local/google/home/kunall/scratchpad/gcp/dcentral-labs/ai-tools/vertx-ai-studio/.opencode/package.json sha256=c624a9de6bd6f8dc7780d6b283d15510ec87853b6d4e6e1d31b71f268bb506b6
[user] /usr/local/google/home/kunall/scratchpad/gcp/dcentral-labs/ai-tools/vertx-ai-studio/.opencode/package.json sha256=c624a9de6bd6f8dc7780d6b283d15510ec87853b6d4e6e1d31b71f268bb506b6
